{
    "_readme": [
        "This file locks the dependencies of your project to a known state",
        "Read more about it at https://getcomposer.org/doc/01-basic-usage.md#composer-lock-the-lock-file",
        "This file is @generated automatically"
    ],
    "hash": "61a6f53941a51ebf79b3b006b443f766",
    "packages": [
        {
            "name": "pear-pear.php.net/OLE",
            "version": "0.6.1",
            "dist": {
                "type": "file",
                "url": "https://pear.php.net/get/OLE-0.6.1.tgz",
                "reference": null,
                "shasum": null
            },
            "require": {
                "php": ">=4.0.0.0"
            },
            "replace": {
                "pear-pear/ole": "== 0.6.1.0"
            },
            "type": "pear-library",
            "autoload": {
                "classmap": [
                    ""
                ]
            },
            "include-path": [
                "/"
            ],
            "license": [
                "PHP"
            ],
            "description": "This package allows reading and writing of OLE (Object Linking and Embedding) compound documents. This format is used as container for Excel (.xls), Word (.doc) and other Microsoft file formats."
        },
        {
            "name": "pear-pear.php.net/Spreadsheet_Excel_Writer",
            "version": "0.9.3",
            "dist": {
                "type": "file",
                "url": "https://pear.php.net/get/Spreadsheet_Excel_Writer-0.9.3.tgz",
                "reference": null,
                "shasum": null
            },
            "require": {
                "pear-pear.php.net/ole": ">=0.5.0.0",
                "php": ">=4.1.0.0"
            },
            "replace": {
                "pear-pear/spreadsheet_excel_writer": "== 0.9.3.0"
            },
            "type": "pear-library",
            "autoload": {
                "classmap": [
                    ""
                ]
            },
            "include-path": [
                "/"
            ],
            "license": [
                "LGPL"
            ],
            "description": "Spreadsheet_Excel_Writer was born as a porting of the Spreadsheet::WriteExcel Perl module to PHP.\n  It allows writing of Excel spreadsheets without the need for COM objects.\n  It supports formulas, images (BMP) and all kinds of formatting for text and cells.\n  It currently supports the BIFF5 format (Excel 5.0), so functionality appeared in the latest Excel versions is not yet available."
        },
        {
            "name": "smarty/smarty",
            "version": "v3.1.27",
            "source": {
                "type": "git",
                "url": "https://github.com/smarty-php/smarty.git",
                "reference": "4537d8aae6c4a26f5439bc3a05d3437d25c2c4d2"
            },
            "dist": {
                "type": "zip",
                "url": "https://api.github.com/repos/smarty-php/smarty/zipball/4537d8aae6c4a26f5439bc3a05d3437d25c2c4d2",
                "reference": "4537d8aae6c4a26f5439bc3a05d3437d25c2c4d2",
                "shasum": ""
            },
            "require": {
                "php": ">=5.2"
            },
            "type": "library",
            "extra": {
                "branch-alias": {
                    "dev-master": "3.1.x-dev"
                }
            },
            "autoload": {
                "classmap": [
                    "libs/Smarty.class.php",
                    "libs/SmartyBC.class.php",
                    "libs/sysplugins/"
                ]
            },
            "notification-url": "https://packagist.org/downloads/",
            "license": [
                "LGPL-3.0"
            ],
            "authors": [
                {
                    "name": "Monte Ohrt",
                    "email": "monte@ohrt.com"
                },
                {
                    "name": "Uwe Tews",
                    "email": "uwe.tews@googlemail.com"
                },
                {
                    "name": "Rodney Rehm",
                    "email": "rodney.rehm@medialize.de"
                }
            ],
            "description": "Smarty - the compiling PHP template engine",
            "homepage": "http://www.smarty.net",
            "keywords": [
                "templating"
            ],
            "time": "2015-06-18 00:55:59"
        }
    ],
    "packages-dev": null,
    "aliases": [],
    "minimum-stability": "stable",
    "stability-flags": {
        "facebook/webdriver": 20
    },
    "prefer-stable": false,
    "prefer-lowest": false,
    "platform": [],
    "platform-dev": []
}
